{
    "_readme": [
        "This file locks the dependencies of your project to a known state",
        "Read more about it at https://getcomposer.org/doc/01-basic-usage.md#composer-lock-the-lock-file",
        "This file is @generated automatically"
    ],
    "content-hash": "41873d92b9a1d4ae453695442c445ef3",
    "packages": [],
    "packages-dev": [
        {
            "name": "massgov/mayflower-artifacts",
            "version": "5.24.0",
            "source": {
                "type": "git",
                "url": "https://github.com/massgov/mayflower-artifacts.git",
                "reference": "72667140f75c2421606d52d9373c16969ea4b0b6"
            },
            "dist": {
                "type": "zip",
                "url": "https://api.github.com/repos/massgov/mayflower-artifacts/zipball/72667140f75c2421606d52d9373c16969ea4b0b6",
                "reference": "72667140f75c2421606d52d9373c16969ea4b0b6",
                "shasum": ""
            },
            "type": "library",
            "license": [
                "proprietary"
            ],
            "authors": [
                {
                    "name": "Bryan Hirsch",
                    "email": "bryan.hirsch@mass.gov"
                }
            ],
            "description": "This repository is the product of the built artifact from massgov/mayflower",
            "support": {
                "source": "https://github.com/massgov/mayflower-artifacts/tree/5.24.0",
                "issues": "https://github.com/massgov/mayflower-artifacts/issues"
            },
            "time": "2018-05-16T16:29:22+00:00"
        }
    ],
    "aliases": [],
    "minimum-stability": "stable",
    "stability-flags": [],
    "prefer-stable": false,
    "prefer-lowest": false,
    "platform": [],
    "platform-dev": []
}
