{
    "_readme": [
        "This file locks the dependencies of your project to a known state",
        "Read more about it at https://getcomposer.org/doc/01-basic-usage.md#composer-lock-the-lock-file",
        "This file is @generated automatically"
    ],
    "content-hash": "0668c783a03e2398a644ad8aef688b90",
    "packages": [],
    "packages-dev": [
        {
            "name": "massgov/mayflower-artifacts",
            "version": "5.35.2",
            "source": {
                "type": "git",
                "url": "https://github.com/massgov/mayflower-artifacts.git",
                "reference": "a05248435c5c9840b14ac6a82daef7b49f3e8eca"
            },
            "dist": {
                "type": "zip",
                "url": "https://api.github.com/repos/massgov/mayflower-artifacts/zipball/a05248435c5c9840b14ac6a82daef7b49f3e8eca",
                "reference": "a05248435c5c9840b14ac6a82daef7b49f3e8eca",
                "shasum": ""
            },
            "type": "library",
            "license": [
                "proprietary"
            ],
            "authors": [
                {
                    "name": "Bryan Hirsch",
                    "email": "bryan.hirsch@mass.gov"
                }
            ],
            "description": "This repository is the product of the built artifact from massgov/mayflower",
            "support": {
                "source": "https://github.com/massgov/mayflower-artifacts/tree/5.35.2",
                "issues": "https://github.com/massgov/mayflower-artifacts/issues"
            },
            "time": "2018-08-02T18:12:59+00:00"
        }
    ],
    "aliases": [],
    "minimum-stability": "stable",
    "stability-flags": [],
    "prefer-stable": false,
    "prefer-lowest": false,
    "platform": [],
    "platform-dev": []
}
