{
    "_readme": [
        "This file locks the dependencies of your project to a known state",
        "Read more about it at https://getcomposer.org/doc/01-basic-usage.md#composer-lock-the-lock-file",
        "This file is @generated automatically"
    ],
    "content-hash": "26883e7fdba7f635a9011ebd0fcae963",
    "packages": [],
    "packages-dev": [
        {
            "name": "massgov/mayflower-artifacts",
            "version": "6.3.0",
            "source": {
                "type": "git",
                "url": "https://github.com/massgov/mayflower-artifacts.git",
                "reference": "e73156391f739f8e1a0e89d602e89520a71a83ed"
            },
            "dist": {
                "type": "zip",
                "url": "https://api.github.com/repos/massgov/mayflower-artifacts/zipball/e73156391f739f8e1a0e89d602e89520a71a83ed",
                "reference": "e73156391f739f8e1a0e89d602e89520a71a83ed",
                "shasum": ""
            },
            "type": "library",
            "license": [
                "proprietary"
            ],
            "authors": [
                {
                    "name": "Bryan Hirsch",
                    "email": "bryan.hirsch@mass.gov"
                }
            ],
            "description": "This repository is the product of the built artifact from massgov/mayflower",
            "support": {
                "source": "https://github.com/massgov/mayflower-artifacts/tree/6.3.0",
                "issues": "https://github.com/massgov/mayflower-artifacts/issues"
            },
            "time": "2018-08-27T14:53:59+00:00"
        }
    ],
    "aliases": [],
    "minimum-stability": "stable",
    "stability-flags": [],
    "prefer-stable": false,
    "prefer-lowest": false,
    "platform": [],
    "platform-dev": []
}
